// !$*UTF8*$!
{
	archiveVersion = 1;
	classes = {
	};
	objectVersion = 46;
	objects = {

/* Begin PBXBuildFile section */
		BE81803C1C3D5B080007951A /* main.m in Sources */ = {isa = PBXBuildFile; fileRef = BE81803B1C3D5B080007951A /* main.m */; };
		BE81803F1C3D5B080007951A /* AppDelegate.m in Sources */ = {isa = PBXBuildFile; fileRef = BE81803E1C3D5B080007951A /* AppDelegate.m */; };
		BE8180421C3D5B080007951A /* ViewController.m in Sources */ = {isa = PBXBuildFile; fileRef = BE8180411C3D5B080007951A /* ViewController.m */; };
		BE8180451C3D5B080007951A /* Main.storyboard in Resources */ = {isa = PBXBuildFile; fileRef = BE8180431C3D5B080007951A /* Main.storyboard */; };
		BE8180471C3D5B080007951A /* Assets.xcassets in Resources */ = {isa = PBXBuildFile; fileRef = BE8180461C3D5B080007951A /* Assets.xcassets */; };
		BE81804A1C3D5B080007951A /* LaunchScreen.storyboard in Resources */ = {isa = PBXBuildFile; fileRef = BE8180481C3D5B080007951A /* LaunchScreen.storyboard */; };
		BE8180521C3D5BD60007951A /* bonb1.png in Resources */ = {isa = PBXBuildFile; fileRef = BE8180511C3D5BD60007951A /* bonb1.png */; };
/* End PBXBuildFile section */

/* Begin PBXFileReference section */
		BE8180371C3D5B080007951A /* StopwatchApp.app */ = {isa = PBXFileReference; explicitFileType = wrapper.application; includeInIndex = 0; path = StopwatchApp.app; sourceTree = BUILT_PRODUCTS_DIR; };
		BE81803B1C3D5B080007951A /* main.m */ = {isa = PBXFileReference; lastKnownFileType = sourcecode.c.objc; path = main.m; sourceTree = "<group>"; };
		BE81803D1C3D5B080007951A /* AppDelegate.h */ = {isa = PBXFileReference; lastKnownFileType = sourcecode.c.h; path = AppDelegate.h; sourceTree = "<group>"; };
		BE81803E1C3D5B080007951A /* AppDelegate.m */ = {isa = PBXFileReference; lastKnownFileType = sourcecode.c.objc; path = AppDelegate.m; sourceTree = "<group>"; };
		BE8180401C3D5B080007951A /* ViewController.h */ = {isa = PBXFileReference; lastKnownFileType = sourcecode.c.h; path = ViewController.h; sourceTree = "<group>"; };
		BE8180411C3D5B080007951A /* ViewController.m */ = {isa = PBXFileReference; lastKnownFileType = sourcecode.c.objc; path = ViewController.m; sourceTree = "<group>"; };
		BE8180441C3D5B080007951A /* Base */ = {isa = PBXFileReference; lastKnownFileType = file.storyboard; name = Base; path = Base.lproj/Main.storyboard; sourceTree = "<group>"; };
		BE8180461C3D5B080007951A /* Assets.xcassets */ = {isa = PBXFileReference; lastKnownFileType = folder.assetcatalog; path = Assets.xcassets; sourceTree = "<group>"; };
		BE8180491C3D5B080007951A /* Base */ = {isa = PBXFileReference; lastKnownFileType = file.storyboard; name = Base; path = Base.lproj/LaunchScreen.storyboard; sourceTree = "<group>"; };
		BE81804B1C3D5B080007951A /* Info.plist */ = {isa = PBXFileReference; lastKnownFileType = text.plist.xml; path = Info.plist; sourceTree = "<group>"; };
		BE8180511C3D5BD60007951A /* bonb1.png */ = {isa = PBXFileReference; lastKnownFileType = image.png; path = bonb1.png; sourceTree = "<group>"; };
/* End PBXFileReference section */

/* Begin PBXFrameworksBuildPhase section */
		BE8180341C3D5B080007951A /* Frameworks */ = {
			isa = PBXFrameworksBuildPhase;
			buildActionMask = 2147483647;
			files = (
			);
			runOnlyForDeploymentPostprocessing = 0;
		};
/* End PBXFrameworksBuildPhase section */

/* Begin PBXGroup section */
		BE81802E1C3D5B080007951A = {
			isa = PBXGroup;
			children = (
				BE8180391C3D5B080007951A /* StopwatchApp */,
				BE8180381C3D5B080007951A /* Products */,
			);
			sourceTree = "<group>";
		};
		BE8180381C3D5B080007951A /* Products */ = {
			isa = PBXGroup;
			children = (
				BE8180371C3D5B080007951A /* StopwatchApp.app */,
			);
			name = Products;
			sourceTree = "<group>";
		};
		BE8180391C3D5B080007951A /* StopwatchApp */ = {
			isa = PBXGroup;
			children = (
				BE81803D1C3D5B080007951A /* AppDelegate.h */,
				BE81803E1C3D5B080007951A /* AppDelegate.m */,
				BE8180401C3D5B080007951A /* ViewController.h */,
				BE8180411C3D5B080007951A /* ViewController.m */,
				BE8180431C3D5B080007951A /* Main.storyboard */,
				BE8180461C3D5B080007951A /* Assets.xcassets */,
				BE8180511C3D5BD60007951A /* bonb1.png */,
				BE8180481C3D5B080007951A /* LaunchScreen.storyboard */,
				BE81804B1C3D5B080007951A /* Info.plist */,
				BE81803A1C3D5B080007951A /* Supporting Files */,
			);
			path = StopwatchApp;
			sourceTree = "<group>";
		};
		BE81803A1C3D5B080007951A /* Supporting Files */ = {
			isa = PBXGroup;
			children = (
				BE81803B1C3D5B080007951A /* main.m */,
			);
			name = "Supporting Files";
			sourceTree = "<group>";
		};
/* End PBXGroup section */

/* Begin PBXNativeTarget section */
		BE8180361C3D5B080007951A /* StopwatchApp */ = {
			isa = PBXNativeTarget;
			buildConfigurationList = BE81804E1C3D5B080007951A /* Build configuration list for PBXNativeTarget "StopwatchApp" */;
			buildPhases = (
				BE8180331C3D5B080007951A /* Sources */,
				BE8180341C3D5B080007951A /* Frameworks */,
				BE8180351C3D5B080007951A /* Resources */,
			);
			buildRules = (
			);
			dependencies = (
			);
			name = StopwatchApp;
			productName = StopwatchApp;
			productReference = BE8180371C3D5B080007951A /* StopwatchApp.app */;
			productType = "com.apple.product-type.application";
		};
/* End PBXNativeTarget section */

/* Begin PBXProject section */
		BE81802F1C3D5B080007951A /* Project object */ = {
			isa = PBXProject;
			attributes = {
				LastUpgradeCheck = 0720;
				ORGANIZATIONNAME = chikatokitamuro;
				TargetAttributes = {
					BE8180361C3D5B080007951A = {
						CreatedOnToolsVersion = 7.2;
						DevelopmentTeam = PGUGBCPD95;
					};
				};
			};
			buildConfigurationList = BE8180321C3D5B080007951A /* Build configuration list for PBXProject "StopwatchApp" */;
			compatibilityVersion = "Xcode 3.2";
			developmentRegion = English;
			hasScannedForEncodings = 0;
			knownRegions = (
				en,
				Base,
			);
			mainGroup = BE81802E1C3D5B080007951A;
			productRefGroup = BE8180381C3D5B080007951A /* Products */;
			projectDirPath = "";
			projectRoot = "";
			targets = (
				BE8180361C3D5B080007951A /* StopwatchApp */,
			);
		};
/* End PBXProject section */

/* Begin PBXResourcesBuildPhase section */
		BE8180351C3D5B080007951A /* Resources */ = {
			isa = PBXResourcesBuildPhase;
			buildActionMask = 2147483647;
			files = (
				BE81804A1C3D5B080007951A /* LaunchScreen.storyboard in Resources */,
				BE8180471C3D5B080007951A /* Assets.xcassets in Resources */,
				BE8180521C3D5BD60007951A /* bonb1.png in Resources */,
				BE8180451C3D5B080007951A /* Main.storyboard in Resources */,
			);
			runOnlyForDeploymentPostprocessing = 0;
		};
/* End PBXResourcesBuildPhase section */

/* Begin PBXSourcesBuildPhase section */
		BE8180331C3D5B080007951A /* Sources */ = {
			isa = PBXSourcesBuildPhase;
			buildActionMask = 2147483647;
			files = (
				BE8180421C3D5B080007951A /* ViewController.m in Sources */,
				BE81803F1C3D5B080007951A /* AppDelegate.m in Sources */,
				BE81803C1C3D5B080007951A /* main.m in Sources */,
			);
			runOnlyForDeploymentPostprocessing = 0;
		};
/* End PBXSourcesBuildPhase section */

/* Begin PBXVariantGroup section */
		BE8180431C3D5B080007951A /* Main.storyboard */ = {
			isa = PBXVariantGroup;
			children = (
				BE8180441C3D5B080007951A /* Base */,
			);
			name = Main.storyboard;
			sourceTree = "<group>";
		};
		BE8180481C3D5B080007951A /* LaunchScreen.storyboard */ = {
			isa = PBXVariantGroup;
			children = (
				BE8180491C3D5B080007951A /* Base */,
			);
			name = LaunchScreen.storyboard;
			sourceTree = "<group>";
		};
/* End PBXVariantGroup section */

/* Begin XCBuildConfiguration section */
		BE81804C1C3D5B080007951A /* Debug */ = {
			isa = XCBuildConfiguration;
			buildSettings = {
				ALWAYS_SEARCH_USER_PATHS = NO;
				CLANG_CXX_LANGUAGE_STANDARD = "gnu++0x";
				CLANG_CXX_LIBRARY = "libc++";
				CLANG_ENABLE_MODULES = YES;
				CLANG_ENABLE_OBJC_ARC = YES;
				CLANG_WARN_BOOL_CONVERSION = YES;
				CLANG_WARN_CONSTANT_CONVERSION = YES;
				CLANG_WARN_DIRECT_OBJC_ISA_USAGE = YES_ERROR;
				CLANG_WARN_EMPTY_BODY = YES;
				CLANG_WARN_ENUM_CONVERSION = YES;
				CLANG_WARN_INT_CONVERSION = YES;
				CLANG_WARN_OBJC_ROOT_CLASS = YES_ERROR;
				CLANG_WARN_UNREACHABLE_CODE = YES;
				CLANG_WARN__DUPLICATE_METHOD_MATCH = YES;
				"CODE_SIGN_IDENTITY[sdk=iphoneos*]" = "iPhone Developer";
				COPY_PHASE_STRIP = NO;
				DEBUG_INFORMATION_FORMAT = dwarf;
				ENABLE_STRICT_OBJC_MSGSEND = YES;
				ENABLE_TESTABILITY = YES;
				GCC_C_LANGUAGE_STANDARD = gnu99;
				GCC_DYNAMIC_NO_PIC = NO;
				GCC_NO_COMMON_BLOCKS = YES;
				GCC_OPTIMIZATION_LEVEL = 0;
				GCC_PREPROCESSOR_DEFINITIONS = (
					"DEBUG=1",
					"$(inherited)",
				);
				GCC_WARN_64_TO_32_BIT_CONVERSION = YES;
				GCC_WARN_ABOUT_RETURN_TYPE = YES_ERROR;
				GCC_WARN_UNDECLARED_SELECTOR = YES;
				GCC_WARN_UNINITIALIZED_AUTOS = YES_AGGRESSIVE;
				GCC_WARN_UNUSED_FUNCTION = YES;
				GCC_WARN_UNUSED_VARIABLE = YES;
				IPHONEOS_DEPLOYMENT_TARGET = 9.2;
				MTL_ENABLE_DEBUG_INFO = YES;
				ONLY_ACTIVE_ARCH = YES;
				SDKROOT = iphoneos;
			};
			name = Debug;
		};
		BE81804D1C3D5B080007951A /* Release */ = {
			isa = XCBuildConfiguration;
			buildSettings = {
				ALWAYS_SEARCH_USER_PATHS = NO;
				CLANG_CXX_LANGUAGE_STANDARD = "gnu++0x";
				CLANG_CXX_LIBRARY = "libc++";
				CLANG_ENABLE_MODULES = YES;
				CLANG_ENABLE_OBJC_ARC = YES;
				CLANG_WARN_BOOL_CONVERSION = YES;
				CLANG_WARN_CONSTANT_CONVERSION = YES;
				CLANG_WARN_DIRECT_OBJC_ISA_USAGE = YES_ERROR;
				CLANG_WARN_EMPTY_BODY = YES;
				CLANG_WARN_ENUM_CONVERSION = YES;
				CLANG_WARN_INT_CONVERSION = YES;
				CLANG_WARN_OBJC_ROOT_CLASS = YES_ERROR;
				CLANG_WARN_UNREACHABLE_CODE = YES;
				CLANG_WARN__DUPLICATE_METHOD_MATCH = YES;
				"CODE_SIGN_IDENTITY[sdk=iphoneos*]" = "iPhone Developer";
				COPY_PHASE_STRIP = NO;
				DEBUG_INFORMATION_FORMAT = "dwarf-with-dsym";
				ENABLE_NS_ASSERTIONS = NO;
				ENABLE_STRICT_OBJC_MSGSEND = YES;
				GCC_C_LANGUAGE_STANDARD = gnu99;
				GCC_NO_COMMON_BLOCKS = YES;
				GCC_WARN_64_TO_32_BIT_CONVERSION = YES;
				GCC_WARN_ABOUT_RETURN_TYPE = YES_ERROR;
				GCC_WARN_UNDECLARED_SELECTOR = YES;
				GCC_WARN_UNINITIALIZED_AUTOS = YES_AGGRESSIVE;
				GCC_WARN_UNUSED_FUNCTION = YES;
				GCC_WARN_UNUSED_VARIABLE = YES;
				IPHONEOS_DEPLOYMENT_TARGET = 9.2;
				MTL_ENABLE_DEBUG_INFO = NO;
				SDKROOT = iphoneos;
				VALIDATE_PRODUCT = YES;
			};
			name = Release;
		};
		BE81804F1C3D5B080007951A /* Debug */ = {
			isa = XCBuildConfiguration;
			buildSettings = {
				ASSETCATALOG_COMPILER_APPICON_NAME = AppIcon;
				INFOPLIST_FILE = StopwatchApp/Info.plist;
				LD_RUNPATH_SEARCH_PATHS = "$(inherited) @executable_path/Frameworks";
				PRODUCT_BUNDLE_IDENTIFIER = jp.techacademy.StopwatchApp;
				PRODUCT_NAME = "$(TARGET_NAME)";
			};
			name = Debug;
		};
		BE8180501C3D5B080007951A /* Release */ = {
			isa = XCBuildConfiguration;
			buildSettings = {
				ASSETCATALOG_COMPILER_APPICON_NAME = AppIcon;
				INFOPLIST_FILE = StopwatchApp/Info.plist;
				LD_RUNPATH_SEARCH_PATHS = "$(inherited) @executable_path/Frameworks";
				PRODUCT_BUNDLE_IDENTIFIER = jp.techacademy.StopwatchApp;
				PRODUCT_NAME = "$(TARGET_NAME)";
			};
			name = Release;
		};
/* End XCBuildConfiguration section */

/* Begin XCConfigurationList section */
		BE8180321C3D5B080007951A /* Build configuration list for PBXProject "StopwatchApp" */ = {
			isa = XCConfigurationList;
			buildConfigurations = (
				BE81804C1C3D5B080007951A /* Debug */,
				BE81804D1C3D5B080007951A /* Release */,
			);
			defaultConfigurationIsVisible = 0;
			defaultConfigurationName = Release;
		};
		BE81804E1C3D5B080007951A /* Build configuration list for PBXNativeTarget "StopwatchApp" */ = {
			isa = XCConfigurationList;
			buildConfigurations = (
				BE81804F1C3D5B080007951A /* Debug */,
				BE8180501C3D5B080007951A /* Release */,
			);
			defaultConfigurationIsVisible = 0;
		};
/* End XCConfigurationList section */
	};
	rootObject = BE81802F1C3D5B080007951A /* Project object */;
}
